
Microsoft Visual Studio Solution File, Format Version 12.00
# Visual Studio Version 17
VisualStudioVersion = 17.5.002.0
MinimumVisualStudioVersion = 10.0.40219.1
Project("{9A19103F-16F7-4668-BE54-9A1E7A4F7556}") = "agenda_api", "agenda_api\agenda_api.csproj", "{0BBD5F7E-D974-49E7-BA6F-2C012F8D0E94}"
EndProject
Project("{FAE04EC0-301F-11D3-BF4B-00C04F79EFBC}") = "agenda_api.Tests", "agenda_api.Tests\agenda_api.Tests.csproj", "{4F76878E-4FB3-4295-B024-1563624D2B2C}"
EndProject
Global
	GlobalSection(SolutionConfigurationPlatforms) = preSolution
		Debug|Any CPU = Debug|Any CPU
		Release|Any CPU = Release|Any CPU
	EndGlobalSection
	GlobalSection(ProjectConfigurationPlatforms) = postSolution
		{0BBD5F7E-D974-49E7-BA6F-2C012F8D0E94}.Debug|Any CPU.ActiveCfg = Debug|Any CPU
		{0BBD5F7E-D974-49E7-BA6F-2C012F8D0E94}.Debug|Any CPU.Build.0 = Debug|Any CPU
		{0BBD5F7E-D974-49E7-BA6F-2C012F8D0E94}.Release|Any CPU.ActiveCfg = Release|Any CPU
		{0BBD5F7E-D974-49E7-BA6F-2C012F8D0E94}.Release|Any CPU.Build.0 = Release|Any CPU
		{4F76878E-4FB3-4295-B024-1563624D2B2C}.Debug|Any CPU.ActiveCfg = Debug|Any CPU
		{4F76878E-4FB3-4295-B024-1563624D2B2C}.Debug|Any CPU.Build.0 = Debug|Any CPU
		{4F76878E-4FB3-4295-B024-1563624D2B2C}.Release|Any CPU.ActiveCfg = Release|Any CPU
		{4F76878E-4FB3-4295-B024-1563624D2B2C}.Release|Any CPU.Build.0 = Release|Any CPU
	EndGlobalSection
	GlobalSection(SolutionProperties) = preSolution
		HideSolutionNode = FALSE
	EndGlobalSection
	GlobalSection(ExtensibilityGlobals) = postSolution
		SolutionGuid = {5BC37265-8E70-462C-9F45-ED8BA2967B48}
	EndGlobalSection
EndGlobal
